
Microsoft Visual Studio Solution File, Format Version 12.00
# Visual Studio Version 16
VisualStudioVersion = 16.0.31424.327
MinimumVisualStudioVersion = 10.0.40219.1
Project("{FAE04EC0-301F-11D3-BF4B-00C04F79EFBC}") = "SacramentMeetingPlanner", "SacramentMeetingPlanner\SacramentMeetingPlanner.csproj", "{AA7DE98A-A0E9-41CB-94F9-176C0332737A}"
EndProject
Global
	GlobalSection(SolutionConfigurationPlatforms) = preSolution
		Debug|Any CPU = Debug|Any CPU
		Release|Any CPU = Release|Any CPU
	EndGlobalSection
	GlobalSection(ProjectConfigurationPlatforms) = postSolution
		{AA7DE98A-A0E9-41CB-94F9-176C0332737A}.Debug|Any CPU.ActiveCfg = Debug|Any CPU
		{AA7DE98A-A0E9-41CB-94F9-176C0332737A}.Debug|Any CPU.Build.0 = Debug|Any CPU
		{AA7DE98A-A0E9-41CB-94F9-176C0332737A}.Release|Any CPU.ActiveCfg = Release|Any CPU
		{AA7DE98A-A0E9-41CB-94F9-176C0332737A}.Release|Any CPU.Build.0 = Release|Any CPU
	EndGlobalSection
	GlobalSection(SolutionProperties) = preSolution
		HideSolutionNode = FALSE
	EndGlobalSection
	GlobalSection(ExtensibilityGlobals) = postSolution
		SolutionGuid = {FCA72267-DE07-4D07-8088-05240644BAB5}
	EndGlobalSection
EndGlobal
